
Microsoft Visual Studio Solution File, Format Version 12.00
# Visual Studio Version 17
VisualStudioVersion = 17.3.32929.385
MinimumVisualStudioVersion = 10.0.40219.1
Project("{9A19103F-16F7-4668-BE54-9A1E7A4F7556}") = "TeamspeakStatsNew", "TeamspeakStatsNew.csproj", "{E5B433B8-A994-4F1B-BA75-58EB60AF86A0}"
EndProject
Global
	GlobalSection(SolutionConfigurationPlatforms) = preSolution
		Debug|Any CPU = Debug|Any CPU
		Release|Any CPU = Release|Any CPU
	EndGlobalSection
	GlobalSection(ProjectConfigurationPlatforms) = postSolution
		{E5B433B8-A994-4F1B-BA75-58EB60AF86A0}.Debug|Any CPU.ActiveCfg = Debug|Any CPU
		{E5B433B8-A994-4F1B-BA75-58EB60AF86A0}.Debug|Any CPU.Build.0 = Debug|Any CPU
		{E5B433B8-A994-4F1B-BA75-58EB60AF86A0}.Release|Any CPU.ActiveCfg = Release|Any CPU
		{E5B433B8-A994-4F1B-BA75-58EB60AF86A0}.Release|Any CPU.Build.0 = Release|Any CPU
	EndGlobalSection
	GlobalSection(SolutionProperties) = preSolution
		HideSolutionNode = FALSE
	EndGlobalSection
	GlobalSection(ExtensibilityGlobals) = postSolution
		SolutionGuid = {0D50E615-9F11-461E-A7AF-1C9D67A3CA08}
	EndGlobalSection
EndGlobal
